
Microsoft Visual Studio Solution File, Format Version 12.00
# Visual Studio 15
VisualStudioVersion = 15.0.27703.2042
MinimumVisualStudioVersion = 10.0.40219.1
Project("{FAE04EC0-301F-11D3-BF4B-00C04F79EFBC}") = "testGit", "testGit\testGit.csproj", "{FA183D6C-9FCC-486C-94C1-F8CFF1205A9B}"
EndProject
Global
	GlobalSection(SolutionConfigurationPlatforms) = preSolution
		Debug|Any CPU = Debug|Any CPU
		Release|Any CPU = Release|Any CPU
	EndGlobalSection
	GlobalSection(ProjectConfigurationPlatforms) = postSolution
		{FA183D6C-9FCC-486C-94C1-F8CFF1205A9B}.Debug|Any CPU.ActiveCfg = Debug|Any CPU
		{FA183D6C-9FCC-486C-94C1-F8CFF1205A9B}.Debug|Any CPU.Build.0 = Debug|Any CPU
		{FA183D6C-9FCC-486C-94C1-F8CFF1205A9B}.Release|Any CPU.ActiveCfg = Release|Any CPU
		{FA183D6C-9FCC-486C-94C1-F8CFF1205A9B}.Release|Any CPU.Build.0 = Release|Any CPU
	EndGlobalSection
	GlobalSection(SolutionProperties) = preSolution
		HideSolutionNode = FALSE
	EndGlobalSection
	GlobalSection(ExtensibilityGlobals) = postSolution
		SolutionGuid = {C6E7E1F6-B13D-4B49-88C9-9E6E5DFFF0F0}
	EndGlobalSection
EndGlobal
